
Microsoft Visual Studio Solution File, Format Version 12.00
# Visual Studio 14
VisualStudioVersion = 14.0.23107.0
MinimumVisualStudioVersion = 10.0.40219.1
Project("{8BC9CEB8-8B4A-11D0-8D11-00A0C91BC942}") = "TestRadio", "TestRadio\TestRadio.vcxproj", "{0DCA72AC-121A-4AA8-BDCA-7472CAB7B7D7}"
EndProject
Project("{8BC9CEB8-8B4A-11D0-8D11-00A0C91BC942}") = "LabelTest", "LabelTest\LabelTest.vcxproj", "{777854BB-1A89-47A3-874F-9DDDA3E4E7DB}"
EndProject
Project("{8BC9CEB8-8B4A-11D0-8D11-00A0C91BC942}") = "Button", "Button\Button.vcxproj", "{06659270-4EEC-4A67-88A5-83A4E9BBD46C}"
EndProject
Project("{8BC9CEB8-8B4A-11D0-8D11-00A0C91BC942}") = "Main", "Main\Main.vcxproj", "{46A3A1C9-A08D-43BA-A7C9-9E905AA79566}"
EndProject
Project("{8BC9CEB8-8B4A-11D0-8D11-00A0C91BC942}") = "Label", "Label\Label.vcxproj", "{6268697D-20B2-48BE-A47C-AB5DD1B15D1B}"
EndProject
Project("{8BC9CEB8-8B4A-11D0-8D11-00A0C91BC942}") = "Control", "Control\Control.vcxproj", "{EAE299C5-0EA8-479A-9548-2FA3777EF95B}"
EndProject
Project("{8BC9CEB8-8B4A-11D0-8D11-00A0C91BC942}") = "Panel", "Panel\Panel.vcxproj", "{13F1850D-172F-4FE4-AC8E-AC47FB6925EE}"
EndProject
Project("{8BC9CEB8-8B4A-11D0-8D11-00A0C91BC942}") = "OptionsContainer", "OptionsContainer\OptionsContainer.vcxproj", "{4D5A0EBF-5981-456A-9218-B9DDC5C1FEE7}"
EndProject
Project("{8BC9CEB8-8B4A-11D0-8D11-00A0C91BC942}") = "RadioList", "RadioList\RadioList.vcxproj", "{74AE0689-4FE1-4EB0-93E0-E5F812B0D64F}"
EndProject
Project("{8BC9CEB8-8B4A-11D0-8D11-00A0C91BC942}") = "ComboBox", "ComboBox\ComboBox.vcxproj", "{92DDEE91-16C5-48E3-8550-FD4DA9659B2F}"
EndProject
Project("{8BC9CEB8-8B4A-11D0-8D11-00A0C91BC942}") = "CheckList", "CheckList\CheckList.vcxproj", "{32794E51-25AD-4123-AF4D-6632ED36DC43}"
EndProject
Project("{8BC9CEB8-8B4A-11D0-8D11-00A0C91BC942}") = "TextBox", "TextBox\TextBox.vcxproj", "{424337B5-FBE2-4C41-A7FF-F496B9EF1CE3}"
EndProject
Project("{8BC9CEB8-8B4A-11D0-8D11-00A0C91BC942}") = "MessageBox", "MessageBox\MessageBox.vcxproj", "{3B39C5B4-7719-4E80-8C4C-9BC713F72A07}"
EndProject
Project("{8BC9CEB8-8B4A-11D0-8D11-00A0C91BC942}") = "Graphics", "Graphics\Graphics.vcxproj", "{093C6CA3-222F-4274-BD82-32690AE70050}"
EndProject
Project("{8BC9CEB8-8B4A-11D0-8D11-00A0C91BC942}") = "EventEngine", "EventEngine\EventEngine.vcxproj", "{9C0F1FA8-2FA4-4F93-AF9F-497020D2729C}"
EndProject
Project("{8BC9CEB8-8B4A-11D0-8D11-00A0C91BC942}") = "Enums", "Enums\Enums.vcxproj", "{0E25F7A1-A116-497E-853C-DED09F7B8E65}"
EndProject
Project("{8BC9CEB8-8B4A-11D0-8D11-00A0C91BC942}") = "NumericBox", "NumericBox\NumericBox.vcxproj", "{62FE8296-CC46-4777-8941-9939D7CA8795}"
EndProject
Project("{8BC9CEB8-8B4A-11D0-8D11-00A0C91BC942}") = "MouseListener", "MouseListener\MouseListener.vcxproj", "{492FCC93-4DDE-46C8-BA75-B15AEB15D42A}"
EndProject
Project("{8BC9CEB8-8B4A-11D0-8D11-00A0C91BC942}") = "KeyboardListener", "KeyboardListener\KeyboardListener.vcxproj", "{E3FCDC0F-6E93-422C-B05D-3EC8D244CF82}"
EndProject
Global
	GlobalSection(SolutionConfigurationPlatforms) = preSolution
		Debug|x64 = Debug|x64
		Debug|x86 = Debug|x86
		Release|x64 = Release|x64
		Release|x86 = Release|x86
	EndGlobalSection
	GlobalSection(ProjectConfigurationPlatforms) = postSolution
		{0DCA72AC-121A-4AA8-BDCA-7472CAB7B7D7}.Debug|x64.ActiveCfg = Debug|x64
		{0DCA72AC-121A-4AA8-BDCA-7472CAB7B7D7}.Debug|x64.Build.0 = Debug|x64
		{0DCA72AC-121A-4AA8-BDCA-7472CAB7B7D7}.Debug|x86.ActiveCfg = Debug|Win32
		{0DCA72AC-121A-4AA8-BDCA-7472CAB7B7D7}.Debug|x86.Build.0 = Debug|Win32
		{0DCA72AC-121A-4AA8-BDCA-7472CAB7B7D7}.Release|x64.ActiveCfg = Release|x64
		{0DCA72AC-121A-4AA8-BDCA-7472CAB7B7D7}.Release|x64.Build.0 = Release|x64
		{0DCA72AC-121A-4AA8-BDCA-7472CAB7B7D7}.Release|x86.ActiveCfg = Release|Win32
		{0DCA72AC-121A-4AA8-BDCA-7472CAB7B7D7}.Release|x86.Build.0 = Release|Win32
		{777854BB-1A89-47A3-874F-9DDDA3E4E7DB}.Debug|x64.ActiveCfg = Debug|x64
		{777854BB-1A89-47A3-874F-9DDDA3E4E7DB}.Debug|x64.Build.0 = Debug|x64
		{777854BB-1A89-47A3-874F-9DDDA3E4E7DB}.Debug|x86.ActiveCfg = Debug|Win32
		{777854BB-1A89-47A3-874F-9DDDA3E4E7DB}.Debug|x86.Build.0 = Debug|Win32
		{777854BB-1A89-47A3-874F-9DDDA3E4E7DB}.Release|x64.ActiveCfg = Release|x64
		{777854BB-1A89-47A3-874F-9DDDA3E4E7DB}.Release|x64.Build.0 = Release|x64
		{777854BB-1A89-47A3-874F-9DDDA3E4E7DB}.Release|x86.ActiveCfg = Release|Win32
		{777854BB-1A89-47A3-874F-9DDDA3E4E7DB}.Release|x86.Build.0 = Release|Win32
		{06659270-4EEC-4A67-88A5-83A4E9BBD46C}.Debug|x64.ActiveCfg = Debug|x64
		{06659270-4EEC-4A67-88A5-83A4E9BBD46C}.Debug|x64.Build.0 = Debug|x64
		{06659270-4EEC-4A67-88A5-83A4E9BBD46C}.Debug|x86.ActiveCfg = Debug|Win32
		{06659270-4EEC-4A67-88A5-83A4E9BBD46C}.Debug|x86.Build.0 = Debug|Win32
		{06659270-4EEC-4A67-88A5-83A4E9BBD46C}.Release|x64.ActiveCfg = Release|x64
		{06659270-4EEC-4A67-88A5-83A4E9BBD46C}.Release|x64.Build.0 = Release|x64
		{06659270-4EEC-4A67-88A5-83A4E9BBD46C}.Release|x86.ActiveCfg = Release|Win32
		{06659270-4EEC-4A67-88A5-83A4E9BBD46C}.Release|x86.Build.0 = Release|Win32
		{46A3A1C9-A08D-43BA-A7C9-9E905AA79566}.Debug|x64.ActiveCfg = Debug|x64
		{46A3A1C9-A08D-43BA-A7C9-9E905AA79566}.Debug|x64.Build.0 = Debug|x64
		{46A3A1C9-A08D-43BA-A7C9-9E905AA79566}.Debug|x86.ActiveCfg = Debug|Win32
		{46A3A1C9-A08D-43BA-A7C9-9E905AA79566}.Debug|x86.Build.0 = Debug|Win32
		{46A3A1C9-A08D-43BA-A7C9-9E905AA79566}.Release|x64.ActiveCfg = Release|x64
		{46A3A1C9-A08D-43BA-A7C9-9E905AA79566}.Release|x64.Build.0 = Release|x64
		{46A3A1C9-A08D-43BA-A7C9-9E905AA79566}.Release|x86.ActiveCfg = Release|Win32
		{46A3A1C9-A08D-43BA-A7C9-9E905AA79566}.Release|x86.Build.0 = Release|Win32
		{6268697D-20B2-48BE-A47C-AB5DD1B15D1B}.Debug|x64.ActiveCfg = Debug|x64
		{6268697D-20B2-48BE-A47C-AB5DD1B15D1B}.Debug|x64.Build.0 = Debug|x64
		{6268697D-20B2-48BE-A47C-AB5DD1B15D1B}.Debug|x86.ActiveCfg = Debug|Win32
		{6268697D-20B2-48BE-A47C-AB5DD1B15D1B}.Debug|x86.Build.0 = Debug|Win32
		{6268697D-20B2-48BE-A47C-AB5DD1B15D1B}.Release|x64.ActiveCfg = Release|x64
		{6268697D-20B2-48BE-A47C-AB5DD1B15D1B}.Release|x64.Build.0 = Release|x64
		{6268697D-20B2-48BE-A47C-AB5DD1B15D1B}.Release|x86.ActiveCfg = Release|Win32
		{6268697D-20B2-48BE-A47C-AB5DD1B15D1B}.Release|x86.Build.0 = Release|Win32
		{EAE299C5-0EA8-479A-9548-2FA3777EF95B}.Debug|x64.ActiveCfg = Debug|x64
		{EAE299C5-0EA8-479A-9548-2FA3777EF95B}.Debug|x64.Build.0 = Debug|x64
		{EAE299C5-0EA8-479A-9548-2FA3777EF95B}.Debug|x86.ActiveCfg = Debug|Win32
		{EAE299C5-0EA8-479A-9548-2FA3777EF95B}.Debug|x86.Build.0 = Debug|Win32
		{EAE299C5-0EA8-479A-9548-2FA3777EF95B}.Release|x64.ActiveCfg = Release|x64
		{EAE299C5-0EA8-479A-9548-2FA3777EF95B}.Release|x64.Build.0 = Release|x64
		{EAE299C5-0EA8-479A-9548-2FA3777EF95B}.Release|x86.ActiveCfg = Release|Win32
		{EAE299C5-0EA8-479A-9548-2FA3777EF95B}.Release|x86.Build.0 = Release|Win32
		{13F1850D-172F-4FE4-AC8E-AC47FB6925EE}.Debug|x64.ActiveCfg = Debug|x64
		{13F1850D-172F-4FE4-AC8E-AC47FB6925EE}.Debug|x64.Build.0 = Debug|x64
		{13F1850D-172F-4FE4-AC8E-AC47FB6925EE}.Debug|x86.ActiveCfg = Debug|Win32
		{13F1850D-172F-4FE4-AC8E-AC47FB6925EE}.Debug|x86.Build.0 = Debug|Win32
		{13F1850D-172F-4FE4-AC8E-AC47FB6925EE}.Release|x64.ActiveCfg = Release|x64
		{13F1850D-172F-4FE4-AC8E-AC47FB6925EE}.Release|x64.Build.0 = Release|x64
		{13F1850D-172F-4FE4-AC8E-AC47FB6925EE}.Release|x86.ActiveCfg = Release|Win32
		{13F1850D-172F-4FE4-AC8E-AC47FB6925EE}.Release|x86.Build.0 = Release|Win32
		{4D5A0EBF-5981-456A-9218-B9DDC5C1FEE7}.Debug|x64.ActiveCfg = Debug|x64
		{4D5A0EBF-5981-456A-9218-B9DDC5C1FEE7}.Debug|x64.Build.0 = Debug|x64
		{4D5A0EBF-5981-456A-9218-B9DDC5C1FEE7}.Debug|x86.ActiveCfg = Debug|Win32
		{4D5A0EBF-5981-456A-9218-B9DDC5C1FEE7}.Debug|x86.Build.0 = Debug|Win32
		{4D5A0EBF-5981-456A-9218-B9DDC5C1FEE7}.Release|x64.ActiveCfg = Release|x64
		{4D5A0EBF-5981-456A-9218-B9DDC5C1FEE7}.Release|x64.Build.0 = Release|x64
		{4D5A0EBF-5981-456A-9218-B9DDC5C1FEE7}.Release|x86.ActiveCfg = Release|Win32
		{4D5A0EBF-5981-456A-9218-B9DDC5C1FEE7}.Release|x86.Build.0 = Release|Win32
		{74AE0689-4FE1-4EB0-93E0-E5F812B0D64F}.Debug|x64.ActiveCfg = Debug|x64
		{74AE0689-4FE1-4EB0-93E0-E5F812B0D64F}.Debug|x64.Build.0 = Debug|x64
		{74AE0689-4FE1-4EB0-93E0-E5F812B0D64F}.Debug|x86.ActiveCfg = Debug|Win32
		{74AE0689-4FE1-4EB0-93E0-E5F812B0D64F}.Debug|x86.Build.0 = Debug|Win32
		{74AE0689-4FE1-4EB0-93E0-E5F812B0D64F}.Release|x64.ActiveCfg = Release|x64
		{74AE0689-4FE1-4EB0-93E0-E5F812B0D64F}.Release|x64.Build.0 = Release|x64
		{74AE0689-4FE1-4EB0-93E0-E5F812B0D64F}.Release|x86.ActiveCfg = Release|Win32
		{74AE0689-4FE1-4EB0-93E0-E5F812B0D64F}.Release|x86.Build.0 = Release|Win32
		{92DDEE91-16C5-48E3-8550-FD4DA9659B2F}.Debug|x64.ActiveCfg = Debug|x64
		{92DDEE91-16C5-48E3-8550-FD4DA9659B2F}.Debug|x64.Build.0 = Debug|x64
		{92DDEE91-16C5-48E3-8550-FD4DA9659B2F}.Debug|x86.ActiveCfg = Debug|Win32
		{92DDEE91-16C5-48E3-8550-FD4DA9659B2F}.Debug|x86.Build.0 = Debug|Win32
		{92DDEE91-16C5-48E3-8550-FD4DA9659B2F}.Release|x64.ActiveCfg = Release|x64
		{92DDEE91-16C5-48E3-8550-FD4DA9659B2F}.Release|x64.Build.0 = Release|x64
		{92DDEE91-16C5-48E3-8550-FD4DA9659B2F}.Release|x86.ActiveCfg = Release|Win32
		{92DDEE91-16C5-48E3-8550-FD4DA9659B2F}.Release|x86.Build.0 = Release|Win32
		{32794E51-25AD-4123-AF4D-6632ED36DC43}.Debug|x64.ActiveCfg = Debug|x64
		{32794E51-25AD-4123-AF4D-6632ED36DC43}.Debug|x64.Build.0 = Debug|x64
		{32794E51-25AD-4123-AF4D-6632ED36DC43}.Debug|x86.ActiveCfg = Debug|Win32
		{32794E51-25AD-4123-AF4D-6632ED36DC43}.Debug|x86.Build.0 = Debug|Win32
		{32794E51-25AD-4123-AF4D-6632ED36DC43}.Release|x64.ActiveCfg = Release|x64
		{32794E51-25AD-4123-AF4D-6632ED36DC43}.Release|x64.Build.0 = Release|x64
		{32794E51-25AD-4123-AF4D-6632ED36DC43}.Release|x86.ActiveCfg = Release|Win32
		{32794E51-25AD-4123-AF4D-6632ED36DC43}.Release|x86.Build.0 = Release|Win32
		{424337B5-FBE2-4C41-A7FF-F496B9EF1CE3}.Debug|x64.ActiveCfg = Debug|x64
		{424337B5-FBE2-4C41-A7FF-F496B9EF1CE3}.Debug|x64.Build.0 = Debug|x64
		{424337B5-FBE2-4C41-A7FF-F496B9EF1CE3}.Debug|x86.ActiveCfg = Debug|Win32
		{424337B5-FBE2-4C41-A7FF-F496B9EF1CE3}.Debug|x86.Build.0 = Debug|Win32
		{424337B5-FBE2-4C41-A7FF-F496B9EF1CE3}.Release|x64.ActiveCfg = Release|x64
		{424337B5-FBE2-4C41-A7FF-F496B9EF1CE3}.Release|x64.Build.0 = Release|x64
		{424337B5-FBE2-4C41-A7FF-F496B9EF1CE3}.Release|x86.ActiveCfg = Release|Win32
		{424337B5-FBE2-4C41-A7FF-F496B9EF1CE3}.Release|x86.Build.0 = Release|Win32
		{3B39C5B4-7719-4E80-8C4C-9BC713F72A07}.Debug|x64.ActiveCfg = Debug|x64
		{3B39C5B4-7719-4E80-8C4C-9BC713F72A07}.Debug|x64.Build.0 = Debug|x64
		{3B39C5B4-7719-4E80-8C4C-9BC713F72A07}.Debug|x86.ActiveCfg = Debug|Win32
		{3B39C5B4-7719-4E80-8C4C-9BC713F72A07}.Debug|x86.Build.0 = Debug|Win32
		{3B39C5B4-7719-4E80-8C4C-9BC713F72A07}.Release|x64.ActiveCfg = Release|x64
		{3B39C5B4-7719-4E80-8C4C-9BC713F72A07}.Release|x64.Build.0 = Release|x64
		{3B39C5B4-7719-4E80-8C4C-9BC713F72A07}.Release|x86.ActiveCfg = Release|Win32
		{3B39C5B4-7719-4E80-8C4C-9BC713F72A07}.Release|x86.Build.0 = Release|Win32
		{093C6CA3-222F-4274-BD82-32690AE70050}.Debug|x64.ActiveCfg = Debug|x64
		{093C6CA3-222F-4274-BD82-32690AE70050}.Debug|x64.Build.0 = Debug|x64
		{093C6CA3-222F-4274-BD82-32690AE70050}.Debug|x86.ActiveCfg = Debug|Win32
		{093C6CA3-222F-4274-BD82-32690AE70050}.Debug|x86.Build.0 = Debug|Win32
		{093C6CA3-222F-4274-BD82-32690AE70050}.Release|x64.ActiveCfg = Release|x64
		{093C6CA3-222F-4274-BD82-32690AE70050}.Release|x64.Build.0 = Release|x64
		{093C6CA3-222F-4274-BD82-32690AE70050}.Release|x86.ActiveCfg = Release|Win32
		{093C6CA3-222F-4274-BD82-32690AE70050}.Release|x86.Build.0 = Release|Win32
		{9C0F1FA8-2FA4-4F93-AF9F-497020D2729C}.Debug|x64.ActiveCfg = Debug|x64
		{9C0F1FA8-2FA4-4F93-AF9F-497020D2729C}.Debug|x64.Build.0 = Debug|x64
		{9C0F1FA8-2FA4-4F93-AF9F-497020D2729C}.Debug|x86.ActiveCfg = Debug|Win32
		{9C0F1FA8-2FA4-4F93-AF9F-497020D2729C}.Debug|x86.Build.0 = Debug|Win32
		{9C0F1FA8-2FA4-4F93-AF9F-497020D2729C}.Release|x64.ActiveCfg = Release|x64
		{9C0F1FA8-2FA4-4F93-AF9F-497020D2729C}.Release|x64.Build.0 = Release|x64
		{9C0F1FA8-2FA4-4F93-AF9F-497020D2729C}.Release|x86.ActiveCfg = Release|Win32
		{9C0F1FA8-2FA4-4F93-AF9F-497020D2729C}.Release|x86.Build.0 = Release|Win32
		{0E25F7A1-A116-497E-853C-DED09F7B8E65}.Debug|x64.ActiveCfg = Debug|x64
		{0E25F7A1-A116-497E-853C-DED09F7B8E65}.Debug|x64.Build.0 = Debug|x64
		{0E25F7A1-A116-497E-853C-DED09F7B8E65}.Debug|x86.ActiveCfg = Debug|Win32
		{0E25F7A1-A116-497E-853C-DED09F7B8E65}.Debug|x86.Build.0 = Debug|Win32
		{0E25F7A1-A116-497E-853C-DED09F7B8E65}.Release|x64.ActiveCfg = Release|x64
		{0E25F7A1-A116-497E-853C-DED09F7B8E65}.Release|x64.Build.0 = Release|x64
		{0E25F7A1-A116-497E-853C-DED09F7B8E65}.Release|x86.ActiveCfg = Release|Win32
		{0E25F7A1-A116-497E-853C-DED09F7B8E65}.Release|x86.Build.0 = Release|Win32
		{62FE8296-CC46-4777-8941-9939D7CA8795}.Debug|x64.ActiveCfg = Debug|x64
		{62FE8296-CC46-4777-8941-9939D7CA8795}.Debug|x64.Build.0 = Debug|x64
		{62FE8296-CC46-4777-8941-9939D7CA8795}.Debug|x86.ActiveCfg = Debug|Win32
		{62FE8296-CC46-4777-8941-9939D7CA8795}.Debug|x86.Build.0 = Debug|Win32
		{62FE8296-CC46-4777-8941-9939D7CA8795}.Release|x64.ActiveCfg = Release|x64
		{62FE8296-CC46-4777-8941-9939D7CA8795}.Release|x64.Build.0 = Release|x64
		{62FE8296-CC46-4777-8941-9939D7CA8795}.Release|x86.ActiveCfg = Release|Win32
		{62FE8296-CC46-4777-8941-9939D7CA8795}.Release|x86.Build.0 = Release|Win32
		{492FCC93-4DDE-46C8-BA75-B15AEB15D42A}.Debug|x64.ActiveCfg = Debug|x64
		{492FCC93-4DDE-46C8-BA75-B15AEB15D42A}.Debug|x64.Build.0 = Debug|x64
		{492FCC93-4DDE-46C8-BA75-B15AEB15D42A}.Debug|x86.ActiveCfg = Debug|Win32
		{492FCC93-4DDE-46C8-BA75-B15AEB15D42A}.Debug|x86.Build.0 = Debug|Win32
		{492FCC93-4DDE-46C8-BA75-B15AEB15D42A}.Release|x64.ActiveCfg = Release|x64
		{492FCC93-4DDE-46C8-BA75-B15AEB15D42A}.Release|x64.Build.0 = Release|x64
		{492FCC93-4DDE-46C8-BA75-B15AEB15D42A}.Release|x86.ActiveCfg = Release|Win32
		{492FCC93-4DDE-46C8-BA75-B15AEB15D42A}.Release|x86.Build.0 = Release|Win32
		{E3FCDC0F-6E93-422C-B05D-3EC8D244CF82}.Debug|x64.ActiveCfg = Debug|x64
		{E3FCDC0F-6E93-422C-B05D-3EC8D244CF82}.Debug|x64.Build.0 = Debug|x64
		{E3FCDC0F-6E93-422C-B05D-3EC8D244CF82}.Debug|x86.ActiveCfg = Debug|Win32
		{E3FCDC0F-6E93-422C-B05D-3EC8D244CF82}.Debug|x86.Build.0 = Debug|Win32
		{E3FCDC0F-6E93-422C-B05D-3EC8D244CF82}.Release|x64.ActiveCfg = Release|x64
		{E3FCDC0F-6E93-422C-B05D-3EC8D244CF82}.Release|x64.Build.0 = Release|x64
		{E3FCDC0F-6E93-422C-B05D-3EC8D244CF82}.Release|x86.ActiveCfg = Release|Win32
		{E3FCDC0F-6E93-422C-B05D-3EC8D244CF82}.Release|x86.Build.0 = Release|Win32
	EndGlobalSection
	GlobalSection(SolutionProperties) = preSolution
		HideSolutionNode = FALSE
	EndGlobalSection
EndGlobal
